<?xml version="1.0" encoding="utf-8"?>
<Project ToolsVersion="4.0" xmlns="http://schemas.microsoft.com/developer/msbuild/2003">
  <ItemGroup>
    <ClCompile Include="wdc_android.cpp" />
    <ClCompile Include="..\..\lib\tinythread++\tinythread.cpp">
      <Filter>libs\tinythread++</Filter>
    </ClCompile>
    <ClCompile Include="..\..\lib\base64\cdecode.c">
      <Filter>libs\base64</Filter>
    </ClCompile>
    <ClCompile Include="..\..\lib\base64\cencode.c">
      <Filter>libs\base64</Filter>
    </ClCompile>
    <ClCompile Include="..\..\lib\crossguid\crossguid.cpp">
      <Filter>libs\crossguid</Filter>
    </ClCompile>
    <ClCompile Include="..\..\src\services\IService.cpp">
      <Filter>services</Filter>
    </ClCompile>
    <ClCompile Include="..\..\src\services\SpeechToText\SpeechToText.cpp">
      <Filter>services\SpeechToText</Filter>
    </ClCompile>
    <ClCompile Include="..\..\src\services\TextToSpeech\TextToSpeech.cpp">
      <Filter>services\TextToSpeech</Filter>
    </ClCompile>
    <ClCompile Include="..\..\src\services\Dialog\Dialog.cpp">
      <Filter>services\Dialog</Filter>
    </ClCompile>
    <ClCompile Include="..\..\src\services\NaturalLanguageClassifier\NaturalLanguageClassifier.cpp">
      <Filter>services\NaturalLanguageClassifier</Filter>
    </ClCompile>
    <ClCompile Include="..\..\src\services\RelationshipExtraction\RelationshipExtraction.cpp">
      <Filter>services\RelationshipExtraction</Filter>
    </ClCompile>
    <ClCompile Include="..\..\src\services\LanguageTranslation\LanguageTranslation.cpp">
      <Filter>services\LanguageTranslation</Filter>
    </ClCompile>
    <ClCompile Include="..\..\src\services\Conversation\Conversation.cpp">
      <Filter>services\Conversation</Filter>
    </ClCompile>
    <ClCompile Include="..\..\src\services\VisualRecognition\VisualRecognition.cpp">
      <Filter>services\VisualRecognition</Filter>
    </ClCompile>
    <ClCompile Include="..\..\src\services\Alchemy\Alchemy.cpp">
      <Filter>services\Alchemy</Filter>
    </ClCompile>
    <ClCompile Include="..\..\src\services\RetrieveAndRank\RetrieveAndRank.cpp">
      <Filter>services\RetreiveAndRank</Filter>
    </ClCompile>
    <ClCompile Include="..\..\src\services\ToneAnalyzer\ToneAnalyzer.cpp">
      <Filter>services\ToneAnalyzer</Filter>
    </ClCompile>
    <ClCompile Include="..\..\src\utils\Config.cpp">
      <Filter>utils</Filter>
    </ClCompile>
    <ClCompile Include="..\..\src\utils\DataCache.cpp">
      <Filter>utils</Filter>
    </ClCompile>
    <ClCompile Include="..\..\src\utils\Form.cpp">
      <Filter>utils</Filter>
    </ClCompile>
    <ClCompile Include="..\..\src\utils\GetMac.cpp">
      <Filter>utils</Filter>
    </ClCompile>
    <ClCompile Include="..\..\src\utils\IConditional.cpp">
      <Filter>utils</Filter>
    </ClCompile>
    <ClCompile Include="..\..\src\utils\JsonHelpers.cpp">
      <Filter>utils</Filter>
    </ClCompile>
    <ClCompile Include="..\..\src\utils\Logic.cpp">
      <Filter>utils</Filter>
    </ClCompile>
    <ClCompile Include="..\..\src\utils\Time.cpp">
      <Filter>utils</Filter>
    </ClCompile>
    <ClCompile Include="..\..\src\utils\UniqueID.cpp">
      <Filter>utils</Filter>
    </ClCompile>
    <ClCompile Include="..\..\src\utils\ISerializable.cpp">
      <Filter>utils</Filter>
    </ClCompile>
    <ClCompile Include="..\..\src\utils\Library.cpp">
      <Filter>utils</Filter>
    </ClCompile>
    <ClCompile Include="..\..\src\utils\Log.cpp">
      <Filter>utils</Filter>
    </ClCompile>
    <ClCompile Include="..\..\src\utils\Sound.cpp">
      <Filter>utils</Filter>
    </ClCompile>
    <ClCompile Include="..\..\src\utils\StringUtil.cpp">
      <Filter>utils</Filter>
    </ClCompile>
    <ClCompile Include="..\..\src\utils\ThreadPool.cpp">
      <Filter>utils</Filter>
    </ClCompile>
    <ClCompile Include="..\..\src\utils\TimerPool.cpp">
      <Filter>utils</Filter>
    </ClCompile>
    <ClCompile Include="..\..\src\utils\UnitTest.cpp">
      <Filter>utils</Filter>
    </ClCompile>
    <ClCompile Include="..\..\src\utils\URL.cpp">
      <Filter>utils</Filter>
    </ClCompile>
    <ClCompile Include="..\..\src\utils\WebServer.cpp">
      <Filter>utils</Filter>
    </ClCompile>
    <ClCompile Include="..\..\src\utils\WebSocketFramer.cpp">
      <Filter>utils</Filter>
    </ClCompile>
    <ClCompile Include="..\..\src\utils\WebClient.cpp">
      <Filter>utils</Filter>
    </ClCompile>
    <ClCompile Include="..\..\lib\android-ifaddrs\ifaddrs.c">
      <Filter>libs\ifaddrs</Filter>
    </ClCompile>
    <ClCompile Include="..\..\lib\jsoncpp\jsoncpp.cpp">
      <Filter>libs\jsoncpp</Filter>
    </ClCompile>
    <ClCompile Include="..\..\lib\boost_1_60_0\libs\system\src\error_code.cpp">
      <Filter>libs\boost\system</Filter>
    </ClCompile>
    <ClCompile Include="..\..\lib\boost_1_60_0\libs\thread\src\future.cpp">
      <Filter>libs\boost\thread</Filter>
    </ClCompile>
    <ClCompile Include="..\..\lib\boost_1_60_0\libs\thread\src\tss_null.cpp">
      <Filter>libs\boost\thread</Filter>
    </ClCompile>
    <ClCompile Include="..\..\lib\boost_1_60_0\libs\thread\src\pthread\once.cpp">
      <Filter>libs\boost\thread\pthread</Filter>
    </ClCompile>
    <ClCompile Include="..\..\lib\boost_1_60_0\libs\thread\src\pthread\once_atomic.cpp">
      <Filter>libs\boost\thread\pthread</Filter>
    </ClCompile>
    <ClCompile Include="..\..\lib\boost_1_60_0\libs\thread\src\pthread\thread.cpp">
      <Filter>libs\boost\thread\pthread</Filter>
    </ClCompile>
    <ClCompile Include="..\..\lib\boost_1_60_0\libs\filesystem\src\codecvt_error_category.cpp">
      <Filter>libs\boost\filesystem</Filter>
    </ClCompile>
    <ClCompile Include="..\..\lib\boost_1_60_0\libs\filesystem\src\operations.cpp">
      <Filter>libs\boost\filesystem</Filter>
    </ClCompile>
    <ClCompile Include="..\..\lib\boost_1_60_0\libs\filesystem\src\path.cpp">
      <Filter>libs\boost\filesystem</Filter>
    </ClCompile>
    <ClCompile Include="..\..\lib\boost_1_60_0\libs\filesystem\src\path_traits.cpp">
      <Filter>libs\boost\filesystem</Filter>
    </ClCompile>
    <ClCompile Include="..\..\lib\boost_1_60_0\libs\filesystem\src\portability.cpp">
      <Filter>libs\boost\filesystem</Filter>
    </ClCompile>
    <ClCompile Include="..\..\lib\boost_1_60_0\libs\filesystem\src\unique_path.cpp">
      <Filter>libs\boost\filesystem</Filter>
    </ClCompile>
    <ClCompile Include="..\..\lib\boost_1_60_0\libs\filesystem\src\utf8_codecvt_facet.cpp">
      <Filter>libs\boost\filesystem</Filter>
    </ClCompile>
    <ClCompile Include="..\..\lib\boost_1_60_0\libs\filesystem\src\windows_file_codecvt.cpp">
      <Filter>libs\boost\filesystem</Filter>
    </ClCompile>
    <ClCompile Include="..\..\lib\tinyxml\tinyxml.cpp">
      <Filter>libs\tinyxml</Filter>
    </ClCompile>
    <ClCompile Include="..\..\lib\tinyxml\tinyxmlerror.cpp">
      <Filter>libs\tinyxml</Filter>
    </ClCompile>
    <ClCompile Include="..\..\lib\tinyxml\tinyxmlparser.cpp">
      <Filter>libs\tinyxml</Filter>
    </ClCompile>
  </ItemGroup>
  <ItemGroup>
    <ClInclude Include="wdc_android.h" />
    <ClInclude Include="..\..\lib\tinythread++\tinythread.h">
      <Filter>libs\tinythread++</Filter>
    </ClInclude>
    <ClInclude Include="..\..\lib\base64\cdecode.h">
      <Filter>libs\base64</Filter>
    </ClInclude>
    <ClInclude Include="..\..\lib\base64\cencode.h">
      <Filter>libs\base64</Filter>
    </ClInclude>
    <ClInclude Include="..\..\lib\base64\decode.h">
      <Filter>libs\base64</Filter>
    </ClInclude>
    <ClInclude Include="..\..\lib\base64\encode.h">
      <Filter>libs\base64</Filter>
    </ClInclude>
    <ClInclude Include="..\..\lib\utf8_v2_3_4\source\utf8.h">
      <Filter>libs\utf8_v2_3_4</Filter>
    </ClInclude>
    <ClInclude Include="..\..\lib\utf8_v2_3_4\source\utf8\checked.h">
      <Filter>libs\utf8_v2_3_4\utf8</Filter>
    </ClInclude>
    <ClInclude Include="..\..\lib\utf8_v2_3_4\source\utf8\core.h">
      <Filter>libs\utf8_v2_3_4\utf8</Filter>
    </ClInclude>
    <ClInclude Include="..\..\lib\utf8_v2_3_4\source\utf8\unchecked.h">
      <Filter>libs\utf8_v2_3_4\utf8</Filter>
    </ClInclude>
    <ClInclude Include="..\..\lib\crossguid\crossguid.h">
      <Filter>libs\crossguid</Filter>
    </ClInclude>
    <ClInclude Include="..\..\src\services\IService.h">
      <Filter>services</Filter>
    </ClInclude>
    <ClInclude Include="..\..\src\services\SpeechToText\DataModels.h">
      <Filter>services\SpeechToText</Filter>
    </ClInclude>
    <ClInclude Include="..\..\src\services\SpeechToText\SpeechToText.h">
      <Filter>services\SpeechToText</Filter>
    </ClInclude>
    <ClInclude Include="..\..\src\services\TextToSpeech\DataModels.h">
      <Filter>services\TextToSpeech</Filter>
    </ClInclude>
    <ClInclude Include="..\..\src\services\TextToSpeech\TextToSpeech.h">
      <Filter>services\TextToSpeech</Filter>
    </ClInclude>
    <ClInclude Include="..\..\src\services\Dialog\DataModels.h">
      <Filter>services\Dialog</Filter>
    </ClInclude>
    <ClInclude Include="..\..\src\services\Dialog\Dialog.h">
      <Filter>services\Dialog</Filter>
    </ClInclude>
    <ClInclude Include="..\..\src\services\NaturalLanguageClassifier\DataModels.h">
      <Filter>services\NaturalLanguageClassifier</Filter>
    </ClInclude>
    <ClInclude Include="..\..\src\services\NaturalLanguageClassifier\NaturalLanguageClassifier.h">
      <Filter>services\NaturalLanguageClassifier</Filter>
    </ClInclude>
    <ClInclude Include="..\..\src\services\RelationshipExtraction\RelationshipExtraction.h">
      <Filter>services\RelationshipExtraction</Filter>
    </ClInclude>
    <ClInclude Include="..\..\src\services\LanguageTranslation\DataModels.h">
      <Filter>services\LanguageTranslation</Filter>
    </ClInclude>
    <ClInclude Include="..\..\src\services\LanguageTranslation\LanguageTranslation.h">
      <Filter>services\LanguageTranslation</Filter>
    </ClInclude>
    <ClInclude Include="..\..\src\services\Conversation\Conversation.h">
      <Filter>services\Conversation</Filter>
    </ClInclude>
    <ClInclude Include="..\..\src\services\Conversation\DataModels.h">
      <Filter>services\Conversation</Filter>
    </ClInclude>
    <ClInclude Include="..\..\src\services\VisualRecognition\VisualRecognition.h">
      <Filter>services\VisualRecognition</Filter>
    </ClInclude>
    <ClInclude Include="..\..\src\services\Alchemy\Alchemy.h">
      <Filter>services\Alchemy</Filter>
    </ClInclude>
    <ClInclude Include="..\..\src\services\RetrieveAndRank\DataModels.h">
      <Filter>services\RetreiveAndRank</Filter>
    </ClInclude>
    <ClInclude Include="..\..\src\services\RetrieveAndRank\RetrieveAndRank.h">
      <Filter>services\RetreiveAndRank</Filter>
    </ClInclude>
    <ClInclude Include="..\..\src\services\ToneAnalyzer\DataModels.h">
      <Filter>services\ToneAnalyzer</Filter>
    </ClInclude>
    <ClInclude Include="..\..\src\services\ToneAnalyzer\ToneAnalyzer.h">
      <Filter>services\ToneAnalyzer</Filter>
    </ClInclude>
    <ClInclude Include="..\..\src\utils\Config.h">
      <Filter>utils</Filter>
    </ClInclude>
    <ClInclude Include="..\..\src\utils\DataCache.h">
      <Filter>utils</Filter>
    </ClInclude>
    <ClInclude Include="..\..\src\utils\Form.h">
      <Filter>utils</Filter>
    </ClInclude>
    <ClInclude Include="..\..\src\utils\GetMac.h">
      <Filter>utils</Filter>
    </ClInclude>
    <ClInclude Include="..\..\src\utils\IConditional.h">
      <Filter>utils</Filter>
    </ClInclude>
    <ClInclude Include="..\..\src\utils\IWebClient.h">
      <Filter>utils</Filter>
    </ClInclude>
    <ClInclude Include="..\..\src\utils\IWebServer.h">
      <Filter>utils</Filter>
    </ClInclude>
    <ClInclude Include="..\..\src\utils\IWebSocket.h">
      <Filter>utils</Filter>
    </ClInclude>
    <ClInclude Include="..\..\src\utils\JsonHelpers.h">
      <Filter>utils</Filter>
    </ClInclude>
    <ClInclude Include="..\..\src\utils\Logic.h">
      <Filter>utils</Filter>
    </ClInclude>
    <ClInclude Include="..\..\src\utils\MD5.h">
      <Filter>utils</Filter>
    </ClInclude>
    <ClInclude Include="..\..\src\utils\Path.h">
      <Filter>utils</Filter>
    </ClInclude>
    <ClInclude Include="..\..\src\utils\SHA1.h">
      <Filter>utils</Filter>
    </ClInclude>
    <ClInclude Include="..\..\src\utils\UniqueID.h">
      <Filter>utils</Filter>
    </ClInclude>
    <ClInclude Include="..\..\src\utils\UnitTest.h">
      <Filter>utils</Filter>
    </ClInclude>
    <ClInclude Include="..\..\src\utils\WebClient.h">
      <Filter>utils</Filter>
    </ClInclude>
    <ClInclude Include="..\..\src\utils\ServiceConfig.h">
      <Filter>utils</Filter>
    </ClInclude>
    <ClInclude Include="..\..\src\utils\Delegate.h">
      <Filter>utils</Filter>
    </ClInclude>
    <ClInclude Include="..\..\src\utils\Factory.h">
      <Filter>utils</Filter>
    </ClInclude>
    <ClInclude Include="..\..\src\utils\ISerializable.h">
      <Filter>utils</Filter>
    </ClInclude>
    <ClInclude Include="..\..\src\utils\Library.h">
      <Filter>utils</Filter>
    </ClInclude>
    <ClInclude Include="..\..\src\utils\Log.h">
      <Filter>utils</Filter>
    </ClInclude>
    <ClInclude Include="..\..\src\utils\RTTI.h">
      <Filter>utils</Filter>
    </ClInclude>
    <ClInclude Include="..\..\src\utils\Sound.h">
      <Filter>utils</Filter>
    </ClInclude>
    <ClInclude Include="..\..\src\utils\StringHash.h">
      <Filter>utils</Filter>
    </ClInclude>
    <ClInclude Include="..\..\src\utils\StringUtil.h">
      <Filter>utils</Filter>
    </ClInclude>
    <ClInclude Include="..\..\src\utils\ThreadPool.h">
      <Filter>utils</Filter>
    </ClInclude>
    <ClInclude Include="..\..\src\utils\Time.h">
      <Filter>utils</Filter>
    </ClInclude>
    <ClInclude Include="..\..\src\utils\TimerPool.h">
      <Filter>utils</Filter>
    </ClInclude>
    <ClInclude Include="..\..\src\utils\URL.h">
      <Filter>utils</Filter>
    </ClInclude>
    <ClInclude Include="..\..\src\utils\WatsonException.h">
      <Filter>utils</Filter>
    </ClInclude>
    <ClInclude Include="..\..\src\utils\WebSocketFramer.h">
      <Filter>utils</Filter>
    </ClInclude>
    <ClInclude Include="..\wdc\Base36.h">
      <Filter>utils</Filter>
    </ClInclude>
    <ClInclude Include="..\..\src\WDCLib.h" />
    <ClInclude Include="..\..\lib\android-ifaddrs\ifaddrs.h">
      <Filter>libs\ifaddrs</Filter>
    </ClInclude>
    <ClInclude Include="..\..\lib\jsoncpp\json\json.h">
      <Filter>libs\jsoncpp\json</Filter>
    </ClInclude>
    <ClInclude Include="..\..\lib\jsoncpp\json\json-forwards.h">
      <Filter>libs\jsoncpp\json</Filter>
    </ClInclude>
    <ClInclude Include="..\..\lib\boost_1_60_0\libs\filesystem\src\windows_file_codecvt.hpp">
      <Filter>libs\boost\filesystem</Filter>
    </ClInclude>
    <ClInclude Include="..\..\lib\tinyxml\tinyxml.h">
      <Filter>libs\tinyxml</Filter>
    </ClInclude>
  </ItemGroup>
  <ItemGroup>
    <Filter Include="libs">
      <UniqueIdentifier>{6ca2da45-9505-419e-a0e3-2fba3700d328}</UniqueIdentifier>
    </Filter>
    <Filter Include="libs\tinythread++">
      <UniqueIdentifier>{6b12a021-aa8e-4d4f-9ea9-a6fa4b69c971}</UniqueIdentifier>
    </Filter>
    <Filter Include="libs\base64">
      <UniqueIdentifier>{84371644-bc77-4bed-85d2-35dd6cd59df6}</UniqueIdentifier>
    </Filter>
    <Filter Include="libs\utf8_v2_3_4">
      <UniqueIdentifier>{af802a47-624e-4d04-8d09-254c36c01a25}</UniqueIdentifier>
    </Filter>
    <Filter Include="libs\utf8_v2_3_4\utf8">
      <UniqueIdentifier>{14699025-b0ff-45d9-b868-df271d728d61}</UniqueIdentifier>
    </Filter>
    <Filter Include="libs\crossguid">
      <UniqueIdentifier>{9af67b1a-3b68-43e5-b7ba-9c37dfaff7f7}</UniqueIdentifier>
    </Filter>
    <Filter Include="services">
      <UniqueIdentifier>{e3302ed1-0db5-4ad7-88d1-68920469c088}</UniqueIdentifier>
    </Filter>
    <Filter Include="services\SpeechToText">
      <UniqueIdentifier>{99394b22-4f67-4e69-bf06-c63ce796974d}</UniqueIdentifier>
    </Filter>
    <Filter Include="services\TextToSpeech">
      <UniqueIdentifier>{551414e9-aca0-4fbc-a6df-39e9bdec515c}</UniqueIdentifier>
    </Filter>
    <Filter Include="services\Dialog">
      <UniqueIdentifier>{520e05f7-df7d-41f2-8c0c-852d51d3b3f0}</UniqueIdentifier>
    </Filter>
    <Filter Include="services\NaturalLanguageClassifier">
      <UniqueIdentifier>{8afb14ac-2d7c-4252-bf82-fdd74cea5f97}</UniqueIdentifier>
    </Filter>
    <Filter Include="services\RelationshipExtraction">
      <UniqueIdentifier>{bf12256e-a94d-41cd-9e4c-421e83ec93d7}</UniqueIdentifier>
    </Filter>
    <Filter Include="services\LanguageTranslation">
      <UniqueIdentifier>{957e7d45-2155-4443-a29e-b1214fd6a90f}</UniqueIdentifier>
    </Filter>
    <Filter Include="services\Conversation">
      <UniqueIdentifier>{fe434651-fef8-455c-adfe-6e9cb6f728ae}</UniqueIdentifier>
    </Filter>
    <Filter Include="services\VisualRecognition">
      <UniqueIdentifier>{b2c80cbf-8310-41f4-940a-46f379149807}</UniqueIdentifier>
    </Filter>
    <Filter Include="services\Alchemy">
      <UniqueIdentifier>{b4f10ea1-e50f-4017-a9da-3ee0519302a8}</UniqueIdentifier>
    </Filter>
    <Filter Include="services\RetreiveAndRank">
      <UniqueIdentifier>{f87630d7-ca87-40ff-ab2e-e93e8a10bf16}</UniqueIdentifier>
    </Filter>
    <Filter Include="services\ToneAnalyzer">
      <UniqueIdentifier>{75ea3e0c-2816-4da8-b3a4-3ef0a14961b9}</UniqueIdentifier>
    </Filter>
    <Filter Include="utils">
      <UniqueIdentifier>{44814ad8-1a3a-42b4-b39b-5dc5bb08ba78}</UniqueIdentifier>
    </Filter>
    <Filter Include="libs\ifaddrs">
      <UniqueIdentifier>{c39fcde7-3d2f-4c6d-922e-5dc91cbfa5c6}</UniqueIdentifier>
    </Filter>
    <Filter Include="libs\jsoncpp">
      <UniqueIdentifier>{c735d75b-5305-4d9c-8b86-4860afe83418}</UniqueIdentifier>
    </Filter>
    <Filter Include="libs\jsoncpp\json">
      <UniqueIdentifier>{4cf161ed-8e84-46b0-9a17-ac8343e1c800}</UniqueIdentifier>
    </Filter>
    <Filter Include="libs\boost">
      <UniqueIdentifier>{d9c3eacb-fabd-4186-8a91-95e4f29818cc}</UniqueIdentifier>
    </Filter>
    <Filter Include="libs\boost\system">
      <UniqueIdentifier>{e4926a29-9ca7-4271-a597-02e28c999eb8}</UniqueIdentifier>
    </Filter>
    <Filter Include="libs\boost\thread">
      <UniqueIdentifier>{06c9cbb3-b6db-4f24-ae6c-a4b62b5d8586}</UniqueIdentifier>
    </Filter>
    <Filter Include="libs\boost\thread\pthread">
      <UniqueIdentifier>{2ccd655c-841d-4cca-a63d-26130b4fb51b}</UniqueIdentifier>
    </Filter>
    <Filter Include="libs\boost\filesystem">
      <UniqueIdentifier>{b2f71b28-2aae-4d7b-b7d4-35a5360953f3}</UniqueIdentifier>
    </Filter>
    <Filter Include="libs\tinyxml">
      <UniqueIdentifier>{e98d0ff3-60a5-4029-a57d-2e5c69faf9ad}</UniqueIdentifier>
    </Filter>
  </ItemGroup>
  <ItemGroup>
    <Text Include="..\..\CMakeLists.txt" />
  </ItemGroup>
  <ItemGroup>
    <None Include="..\..\lib\android-ifaddrs\README.md">
      <Filter>libs\ifaddrs</Filter>
    </None>
    <None Include="packages.config" />
  </ItemGroup>
</Project>