<?xml version="1.0" encoding="utf-8"?>
<Project ToolsVersion="4.0" xmlns="http://schemas.microsoft.com/developer/msbuild/2003">
  <ItemGroup>
    <Filter Include="services">
      <UniqueIdentifier>{d4ea00f1-d7a7-47bc-99e0-f66bb27b4ffa}</UniqueIdentifier>
    </Filter>
    <Filter Include="utils">
      <UniqueIdentifier>{f1641002-94df-4a63-8e5a-9527d2f3783e}</UniqueIdentifier>
    </Filter>
    <Filter Include="libs">
      <UniqueIdentifier>{8c8189b4-ca5c-4da7-8ad1-e78b33a82442}</UniqueIdentifier>
    </Filter>
    <Filter Include="libs\tinythread++">
      <UniqueIdentifier>{0dde3d4a-3764-477c-a42e-cf209fec84bf}</UniqueIdentifier>
    </Filter>
    <Filter Include="services\SpeechToText">
      <UniqueIdentifier>{35a51563-4027-4661-87e0-08da4470e334}</UniqueIdentifier>
    </Filter>
    <Filter Include="services\TextToSpeech">
      <UniqueIdentifier>{22cdcc59-f98d-4b08-a446-c58b3f573698}</UniqueIdentifier>
    </Filter>
    <Filter Include="services\Dialog">
      <UniqueIdentifier>{bbf49952-4595-438b-afbe-47a55885e99d}</UniqueIdentifier>
    </Filter>
    <Filter Include="libs\base64">
      <UniqueIdentifier>{a9e7a5a3-e208-4737-a6ef-c1f51cb0905e}</UniqueIdentifier>
    </Filter>
    <Filter Include="libs\utf8_v2_3_4">
      <UniqueIdentifier>{08e50365-f51a-4c57-8324-91f7ef7caca7}</UniqueIdentifier>
    </Filter>
    <Filter Include="libs\utf8_v2_3_4\utf8">
      <UniqueIdentifier>{27db0a95-5739-4d6b-a05c-eaa259ee940d}</UniqueIdentifier>
    </Filter>
    <Filter Include="services\NaturalLanguageClassifier">
      <UniqueIdentifier>{a22f1de0-eafa-499e-afa7-d9136b263b7d}</UniqueIdentifier>
    </Filter>
    <Filter Include="services\RelationshipExtraction">
      <UniqueIdentifier>{eab98038-b7c6-4cf4-abc2-39591e590cc5}</UniqueIdentifier>
    </Filter>
    <Filter Include="libs\crossguid">
      <UniqueIdentifier>{b3f2b786-508f-4278-99a7-81087b379f68}</UniqueIdentifier>
    </Filter>
    <Filter Include="services\Conversation">
      <UniqueIdentifier>{7a68bb60-dc82-4c3f-996f-687ba16a0252}</UniqueIdentifier>
    </Filter>
    <Filter Include="services\VisualRecognition">
      <UniqueIdentifier>{2d958eba-2ca3-4990-8564-7658faee1f2f}</UniqueIdentifier>
    </Filter>
    <Filter Include="services\Alchemy">
      <UniqueIdentifier>{59f15da7-1ce5-46b7-8f44-218477da0881}</UniqueIdentifier>
    </Filter>
    <Filter Include="services\RetreiveAndRank">
      <UniqueIdentifier>{4bd1ae6c-1355-4ddb-8e88-9fdc39f3a069}</UniqueIdentifier>
    </Filter>
    <Filter Include="services\ToneAnalyzer">
      <UniqueIdentifier>{4cf044ce-bce8-4e59-8335-85c158919fb6}</UniqueIdentifier>
    </Filter>
    <Filter Include="libs\minizip">
      <UniqueIdentifier>{57e421d3-0397-4e13-82ef-75834ae9e355}</UniqueIdentifier>
    </Filter>
    <Filter Include="libs\zlib">
      <UniqueIdentifier>{6dcb82e8-71fd-4942-95e2-0af58e3d3b50}</UniqueIdentifier>
    </Filter>
    <Filter Include="services\LanguageTranslator">
      <UniqueIdentifier>{94dc1953-6304-4a3e-bcef-e4e3b619c1b9}</UniqueIdentifier>
    </Filter>
  </ItemGroup>
  <ItemGroup>
    <ClCompile Include="..\..\src\utils\ISerializable.cpp">
      <Filter>utils</Filter>
    </ClCompile>
    <ClCompile Include="..\..\src\utils\Log.cpp">
      <Filter>utils</Filter>
    </ClCompile>
    <ClCompile Include="..\..\src\utils\StringUtil.cpp">
      <Filter>utils</Filter>
    </ClCompile>
    <ClCompile Include="..\..\src\utils\ThreadPool.cpp">
      <Filter>utils</Filter>
    </ClCompile>
    <ClCompile Include="..\..\src\utils\TimerPool.cpp">
      <Filter>utils</Filter>
    </ClCompile>
    <ClCompile Include="..\..\src\utils\Config.cpp">
      <Filter>utils</Filter>
    </ClCompile>
    <ClCompile Include="..\..\lib\tinythread++\tinythread.cpp">
      <Filter>libs\tinythread++</Filter>
    </ClCompile>
    <ClCompile Include="..\..\src\utils\Library.cpp">
      <Filter>utils</Filter>
    </ClCompile>
    <ClCompile Include="..\..\src\utils\Sound.cpp">
      <Filter>utils</Filter>
    </ClCompile>
    <ClCompile Include="..\..\lib\base64\cdecode.c">
      <Filter>libs\base64</Filter>
    </ClCompile>
    <ClCompile Include="..\..\lib\base64\cencode.c">
      <Filter>libs\base64</Filter>
    </ClCompile>
    <ClCompile Include="..\..\src\utils\WebClient.cpp">
      <Filter>utils</Filter>
    </ClCompile>
    <ClCompile Include="..\..\src\utils\UniqueID.cpp">
      <Filter>utils</Filter>
    </ClCompile>
    <ClCompile Include="..\..\src\utils\DataCache.cpp">
      <Filter>utils</Filter>
    </ClCompile>
    <ClCompile Include="..\..\src\utils\Form.cpp">
      <Filter>utils</Filter>
    </ClCompile>
    <ClCompile Include="..\..\src\utils\GetMac.cpp">
      <Filter>utils</Filter>
    </ClCompile>
    <ClCompile Include="..\..\src\utils\WebSocketFramer.cpp">
      <Filter>utils</Filter>
    </ClCompile>
    <ClCompile Include="..\..\src\utils\Time.cpp">
      <Filter>utils</Filter>
    </ClCompile>
    <ClCompile Include="..\..\src\utils\Logic.cpp">
      <Filter>utils</Filter>
    </ClCompile>
    <ClCompile Include="..\..\lib\crossguid\crossguid.cpp">
      <Filter>libs\crossguid</Filter>
    </ClCompile>
    <ClCompile Include="..\..\src\utils\WebServer.cpp">
      <Filter>utils</Filter>
    </ClCompile>
    <ClCompile Include="..\..\src\utils\IConditional.cpp">
      <Filter>utils</Filter>
    </ClCompile>
    <ClCompile Include="..\..\src\utils\JsonHelpers.cpp">
      <Filter>utils</Filter>
    </ClCompile>
    <ClCompile Include="..\..\src\services\Alchemy\Alchemy.cpp">
      <Filter>services\Alchemy</Filter>
    </ClCompile>
    <ClCompile Include="..\..\src\services\Conversation\Conversation.cpp">
      <Filter>services\Conversation</Filter>
    </ClCompile>
    <ClCompile Include="..\..\src\services\Dialog\Dialog.cpp">
      <Filter>services\Dialog</Filter>
    </ClCompile>
    <ClCompile Include="..\..\src\services\IService.cpp">
      <Filter>services</Filter>
    </ClCompile>
    <ClCompile Include="..\..\src\services\NaturalLanguageClassifier\NaturalLanguageClassifier.cpp">
      <Filter>services\NaturalLanguageClassifier</Filter>
    </ClCompile>
    <ClCompile Include="..\..\src\services\RelationshipExtraction\RelationshipExtraction.cpp">
      <Filter>services\RelationshipExtraction</Filter>
    </ClCompile>
    <ClCompile Include="..\..\src\services\RetrieveAndRank\RetrieveAndRank.cpp">
      <Filter>services\RetreiveAndRank</Filter>
    </ClCompile>
    <ClCompile Include="..\..\src\services\SpeechToText\SpeechToText.cpp">
      <Filter>services\SpeechToText</Filter>
    </ClCompile>
    <ClCompile Include="..\..\src\services\TextToSpeech\TextToSpeech.cpp">
      <Filter>services\TextToSpeech</Filter>
    </ClCompile>
    <ClCompile Include="..\..\src\services\ToneAnalyzer\ToneAnalyzer.cpp">
      <Filter>services\ToneAnalyzer</Filter>
    </ClCompile>
    <ClCompile Include="..\..\src\services\VisualRecognition\VisualRecognition.cpp">
      <Filter>services\VisualRecognition</Filter>
    </ClCompile>
    <ClCompile Include="..\..\src\utils\UnitTest.cpp">
      <Filter>utils</Filter>
    </ClCompile>
    <ClCompile Include="..\..\src\utils\URL_.cpp">
      <Filter>utils</Filter>
    </ClCompile>
    <ClCompile Include="..\..\src\utils\ZipFile.cpp">
      <Filter>utils</Filter>
    </ClCompile>
    <ClCompile Include="..\..\lib\minizip\ioapi.c">
      <Filter>libs\minizip</Filter>
    </ClCompile>
    <ClCompile Include="..\..\lib\minizip\ioapi_buf.c">
      <Filter>libs\minizip</Filter>
    </ClCompile>
    <ClCompile Include="..\..\lib\minizip\ioapi_mem.c">
      <Filter>libs\minizip</Filter>
    </ClCompile>
    <ClCompile Include="..\..\lib\minizip\iowin32.c">
      <Filter>libs\minizip</Filter>
    </ClCompile>
    <ClCompile Include="..\..\lib\minizip\unzip.c">
      <Filter>libs\minizip</Filter>
    </ClCompile>
    <ClCompile Include="..\..\lib\minizip\zip.c">
      <Filter>libs\minizip</Filter>
    </ClCompile>
    <ClCompile Include="..\..\lib\zlib-1.2.8\adler32.c">
      <Filter>libs\zlib</Filter>
    </ClCompile>
    <ClCompile Include="..\..\lib\zlib-1.2.8\compress.c">
      <Filter>libs\zlib</Filter>
    </ClCompile>
    <ClCompile Include="..\..\lib\zlib-1.2.8\crc32.c">
      <Filter>libs\zlib</Filter>
    </ClCompile>
    <ClCompile Include="..\..\lib\zlib-1.2.8\deflate.c">
      <Filter>libs\zlib</Filter>
    </ClCompile>
    <ClCompile Include="..\..\lib\zlib-1.2.8\gzclose.c">
      <Filter>libs\zlib</Filter>
    </ClCompile>
    <ClCompile Include="..\..\lib\zlib-1.2.8\gzlib.c">
      <Filter>libs\zlib</Filter>
    </ClCompile>
    <ClCompile Include="..\..\lib\zlib-1.2.8\gzread.c">
      <Filter>libs\zlib</Filter>
    </ClCompile>
    <ClCompile Include="..\..\lib\zlib-1.2.8\gzwrite.c">
      <Filter>libs\zlib</Filter>
    </ClCompile>
    <ClCompile Include="..\..\lib\zlib-1.2.8\infback.c">
      <Filter>libs\zlib</Filter>
    </ClCompile>
    <ClCompile Include="..\..\lib\zlib-1.2.8\inffast.c">
      <Filter>libs\zlib</Filter>
    </ClCompile>
    <ClCompile Include="..\..\lib\zlib-1.2.8\inflate.c">
      <Filter>libs\zlib</Filter>
    </ClCompile>
    <ClCompile Include="..\..\lib\zlib-1.2.8\inftrees.c">
      <Filter>libs\zlib</Filter>
    </ClCompile>
    <ClCompile Include="..\..\lib\zlib-1.2.8\trees.c">
      <Filter>libs\zlib</Filter>
    </ClCompile>
    <ClCompile Include="..\..\lib\zlib-1.2.8\uncompr.c">
      <Filter>libs\zlib</Filter>
    </ClCompile>
    <ClCompile Include="..\..\lib\zlib-1.2.8\zutil.c">
      <Filter>libs\zlib</Filter>
    </ClCompile>
    <ClCompile Include="..\..\src\utils\JpegHelpers.cpp">
      <Filter>utils</Filter>
    </ClCompile>
    <ClCompile Include="..\..\src\services\LanguageTranslator\LanguageTranslator.cpp">
      <Filter>services\LanguageTranslator</Filter>
    </ClCompile>
  </ItemGroup>
  <ItemGroup>
    <ClInclude Include="..\..\src\services\IService.h">
      <Filter>services</Filter>
    </ClInclude>
    <ClInclude Include="..\..\src\utils\Delegate.h">
      <Filter>utils</Filter>
    </ClInclude>
    <ClInclude Include="..\..\src\utils\Factory.h">
      <Filter>utils</Filter>
    </ClInclude>
    <ClInclude Include="..\..\src\utils\ISerializable.h">
      <Filter>utils</Filter>
    </ClInclude>
    <ClInclude Include="..\..\src\utils\Log.h">
      <Filter>utils</Filter>
    </ClInclude>
    <ClInclude Include="..\..\src\utils\RTTI.h">
      <Filter>utils</Filter>
    </ClInclude>
    <ClInclude Include="..\..\src\utils\StringHash.h">
      <Filter>utils</Filter>
    </ClInclude>
    <ClInclude Include="..\..\src\utils\StringUtil.h">
      <Filter>utils</Filter>
    </ClInclude>
    <ClInclude Include="..\..\src\utils\ThreadPool.h">
      <Filter>utils</Filter>
    </ClInclude>
    <ClInclude Include="..\..\src\utils\TimerPool.h">
      <Filter>utils</Filter>
    </ClInclude>
    <ClInclude Include="..\..\src\utils\WatsonException.h">
      <Filter>utils</Filter>
    </ClInclude>
    <ClInclude Include="..\..\src\utils\Time.h">
      <Filter>utils</Filter>
    </ClInclude>
    <ClInclude Include="..\..\src\utils\Config.h">
      <Filter>utils</Filter>
    </ClInclude>
    <ClInclude Include="..\..\lib\tinythread++\tinythread.h">
      <Filter>libs\tinythread++</Filter>
    </ClInclude>
    <ClInclude Include="..\..\src\utils\Library.h">
      <Filter>utils</Filter>
    </ClInclude>
    <ClInclude Include="..\..\src\utils\Sound.h">
      <Filter>utils</Filter>
    </ClInclude>
    <ClInclude Include="..\..\src\services\SpeechToText\SpeechToText.h">
      <Filter>services\SpeechToText</Filter>
    </ClInclude>
    <ClInclude Include="..\..\src\services\SpeechToText\DataModels.h">
      <Filter>services\SpeechToText</Filter>
    </ClInclude>
    <ClInclude Include="..\..\src\utils\ServiceConfig.h">
      <Filter>utils</Filter>
    </ClInclude>
    <ClInclude Include="..\..\lib\base64\cdecode.h">
      <Filter>libs\base64</Filter>
    </ClInclude>
    <ClInclude Include="..\..\lib\base64\cencode.h">
      <Filter>libs\base64</Filter>
    </ClInclude>
    <ClInclude Include="..\..\lib\base64\decode.h">
      <Filter>libs\base64</Filter>
    </ClInclude>
    <ClInclude Include="..\..\lib\base64\encode.h">
      <Filter>libs\base64</Filter>
    </ClInclude>
    <ClInclude Include="..\..\src\utils\URL.h">
      <Filter>utils</Filter>
    </ClInclude>
    <ClInclude Include="..\..\src\utils\WebClient.h">
      <Filter>utils</Filter>
    </ClInclude>
    <ClInclude Include="..\..\src\utils\UniqueID.h">
      <Filter>utils</Filter>
    </ClInclude>
    <ClInclude Include="..\..\lib\utf8_v2_3_4\source\utf8.h">
      <Filter>libs\utf8_v2_3_4</Filter>
    </ClInclude>
    <ClInclude Include="..\..\lib\utf8_v2_3_4\source\utf8\checked.h">
      <Filter>libs\utf8_v2_3_4\utf8</Filter>
    </ClInclude>
    <ClInclude Include="..\..\lib\utf8_v2_3_4\source\utf8\core.h">
      <Filter>libs\utf8_v2_3_4\utf8</Filter>
    </ClInclude>
    <ClInclude Include="..\..\lib\utf8_v2_3_4\source\utf8\unchecked.h">
      <Filter>libs\utf8_v2_3_4\utf8</Filter>
    </ClInclude>
    <ClInclude Include="..\..\src\utils\IWebClient.h">
      <Filter>utils</Filter>
    </ClInclude>
    <ClInclude Include="..\..\src\services\TextToSpeech\TextToSpeech.h">
      <Filter>services\TextToSpeech</Filter>
    </ClInclude>
    <ClInclude Include="..\..\src\services\TextToSpeech\DataModels.h">
      <Filter>services\TextToSpeech</Filter>
    </ClInclude>
    <ClInclude Include="..\..\src\utils\DataCache.h">
      <Filter>utils</Filter>
    </ClInclude>
    <ClInclude Include="..\..\src\services\Dialog\DataModels.h">
      <Filter>services\Dialog</Filter>
    </ClInclude>
    <ClInclude Include="..\..\src\services\Dialog\Dialog.h">
      <Filter>services\Dialog</Filter>
    </ClInclude>
    <ClInclude Include="..\..\src\utils\Form.h">
      <Filter>utils</Filter>
    </ClInclude>
    <ClInclude Include="..\..\src\services\NaturalLanguageClassifier\NaturalLanguageClassifier.h">
      <Filter>services\NaturalLanguageClassifier</Filter>
    </ClInclude>
    <ClInclude Include="..\..\src\services\NaturalLanguageClassifier\DataModels.h">
      <Filter>services\NaturalLanguageClassifier</Filter>
    </ClInclude>
    <ClInclude Include="..\..\src\services\RelationshipExtraction\RelationshipExtraction.h">
      <Filter>services\RelationshipExtraction</Filter>
    </ClInclude>
    <ClInclude Include="..\..\src\utils\GetMac.h">
      <Filter>utils</Filter>
    </ClInclude>
    <ClInclude Include="..\..\src\utils\WebSocketFramer.h">
      <Filter>utils</Filter>
    </ClInclude>
    <ClInclude Include="..\..\src\utils\IWebServer.h">
      <Filter>utils</Filter>
    </ClInclude>
    <ClInclude Include="..\..\src\utils\SHA1.h">
      <Filter>utils</Filter>
    </ClInclude>
    <ClInclude Include="..\..\src\utils\IWebSocket.h">
      <Filter>utils</Filter>
    </ClInclude>
    <ClInclude Include="..\..\src\utils\Logic.h">
      <Filter>utils</Filter>
    </ClInclude>
    <ClInclude Include="..\..\src\utils\Path.h">
      <Filter>utils</Filter>
    </ClInclude>
    <ClInclude Include="Base36.h">
      <Filter>utils</Filter>
    </ClInclude>
    <ClInclude Include="..\..\lib\crossguid\crossguid.h">
      <Filter>libs\crossguid</Filter>
    </ClInclude>
    <ClInclude Include="..\..\src\utils\IConditional.h">
      <Filter>utils</Filter>
    </ClInclude>
    <ClInclude Include="..\..\src\utils\JsonHelpers.h">
      <Filter>utils</Filter>
    </ClInclude>
    <ClInclude Include="..\..\src\services\Conversation\Conversation.h">
      <Filter>services\Conversation</Filter>
    </ClInclude>
    <ClInclude Include="..\..\src\services\Conversation\DataModels.h">
      <Filter>services\Conversation</Filter>
    </ClInclude>
    <ClInclude Include="..\..\src\utils\MD5.h">
      <Filter>utils</Filter>
    </ClInclude>
    <ClInclude Include="..\..\src\services\VisualRecognition\VisualRecognition.h">
      <Filter>services\VisualRecognition</Filter>
    </ClInclude>
    <ClInclude Include="..\..\src\services\Alchemy\Alchemy.h">
      <Filter>services\Alchemy</Filter>
    </ClInclude>
    <ClInclude Include="..\..\src\services\RetrieveAndRank\DataModels.h">
      <Filter>services\RetreiveAndRank</Filter>
    </ClInclude>
    <ClInclude Include="..\..\src\services\RetrieveAndRank\RetrieveAndRank.h">
      <Filter>services\RetreiveAndRank</Filter>
    </ClInclude>
    <ClInclude Include="..\..\src\services\ToneAnalyzer\DataModels.h">
      <Filter>services\ToneAnalyzer</Filter>
    </ClInclude>
    <ClInclude Include="..\..\src\services\ToneAnalyzer\ToneAnalyzer.h">
      <Filter>services\ToneAnalyzer</Filter>
    </ClInclude>
    <ClInclude Include="..\..\src\utils\UnitTest.h">
      <Filter>utils</Filter>
    </ClInclude>
    <ClInclude Include="..\..\src\WDCLib.h" />
    <ClInclude Include="..\..\src\utils\ZipFile.h">
      <Filter>utils</Filter>
    </ClInclude>
    <ClInclude Include="..\..\lib\minizip\crypt.h">
      <Filter>libs\minizip</Filter>
    </ClInclude>
    <ClInclude Include="..\..\lib\minizip\ioapi.h">
      <Filter>libs\minizip</Filter>
    </ClInclude>
    <ClInclude Include="..\..\lib\minizip\ioapi_buf.h">
      <Filter>libs\minizip</Filter>
    </ClInclude>
    <ClInclude Include="..\..\lib\minizip\ioapi_mem.h">
      <Filter>libs\minizip</Filter>
    </ClInclude>
    <ClInclude Include="..\..\lib\minizip\iowin32.h">
      <Filter>libs\minizip</Filter>
    </ClInclude>
    <ClInclude Include="..\..\lib\minizip\unzip.h">
      <Filter>libs\minizip</Filter>
    </ClInclude>
    <ClInclude Include="..\..\lib\minizip\zip.h">
      <Filter>libs\minizip</Filter>
    </ClInclude>
    <ClInclude Include="..\..\lib\zlib-1.2.8\crc32.h">
      <Filter>libs\zlib</Filter>
    </ClInclude>
    <ClInclude Include="..\..\lib\zlib-1.2.8\deflate.h">
      <Filter>libs\zlib</Filter>
    </ClInclude>
    <ClInclude Include="..\..\lib\zlib-1.2.8\gzguts.h">
      <Filter>libs\zlib</Filter>
    </ClInclude>
    <ClInclude Include="..\..\lib\zlib-1.2.8\inffast.h">
      <Filter>libs\zlib</Filter>
    </ClInclude>
    <ClInclude Include="..\..\lib\zlib-1.2.8\inffixed.h">
      <Filter>libs\zlib</Filter>
    </ClInclude>
    <ClInclude Include="..\..\lib\zlib-1.2.8\inflate.h">
      <Filter>libs\zlib</Filter>
    </ClInclude>
    <ClInclude Include="..\..\lib\zlib-1.2.8\inftrees.h">
      <Filter>libs\zlib</Filter>
    </ClInclude>
    <ClInclude Include="..\..\lib\zlib-1.2.8\trees.h">
      <Filter>libs\zlib</Filter>
    </ClInclude>
    <ClInclude Include="..\..\lib\zlib-1.2.8\zconf.h">
      <Filter>libs\zlib</Filter>
    </ClInclude>
    <ClInclude Include="..\..\lib\zlib-1.2.8\zlib.h">
      <Filter>libs\zlib</Filter>
    </ClInclude>
    <ClInclude Include="..\..\lib\zlib-1.2.8\zutil.h">
      <Filter>libs\zlib</Filter>
    </ClInclude>
    <ClInclude Include="..\..\src\utils\JpegHelpers.h">
      <Filter>utils</Filter>
    </ClInclude>
    <ClInclude Include="..\..\src\services\LanguageTranslator\DataModels.h">
      <Filter>services\LanguageTranslator</Filter>
    </ClInclude>
    <ClInclude Include="..\..\src\services\LanguageTranslator\LanguageTranslator.h">
      <Filter>services\LanguageTranslator</Filter>
    </ClInclude>
  </ItemGroup>
  <ItemGroup>
    <Text Include="..\..\CMakeLists.txt" />
  </ItemGroup>
</Project>